<?xml version="1.0" encoding="utf-8"?>
<Project ToolsVersion="4.0" xmlns="http://schemas.microsoft.com/developer/msbuild/2003">
  <ItemGroup>
    <Filter Include="1.System">
      <UniqueIdentifier>{69f8b57f-fd08-44ff-87c0-1e16db3ae592}</UniqueIdentifier>
    </Filter>
    <Filter Include="0.main">
      <UniqueIdentifier>{4FC737F1-C7A5-4376-A066-2A32D752A2FF}</UniqueIdentifier>
      <Extensions>cpp;c;cc;cxx;def;odl;idl;hpj;bat;asm;asmx</Extensions>
    </Filter>
    <Filter Include="2.Struct">
      <UniqueIdentifier>{0d13db12-788d-4a99-9e4b-d24570f98fb4}</UniqueIdentifier>
    </Filter>
    <Filter Include="3.Game">
      <UniqueIdentifier>{0a2a2d04-c9a7-4e5b-8c01-b2e76bef1f57}</UniqueIdentifier>
    </Filter>
    <Filter Include="4.Scene">
      <UniqueIdentifier>{23949ac6-542b-45a6-bdd9-4a243017bdf3}</UniqueIdentifier>
    </Filter>
    <Filter Include="5.Document">
      <UniqueIdentifier>{f8e4f8fb-1c33-4f60-b5a2-5f41deb483c9}</UniqueIdentifier>
    </Filter>
  </ItemGroup>
  <ItemGroup>
    <ClCompile Include="main.cpp">
      <Filter>0.main</Filter>
    </ClCompile>
  </ItemGroup>
  <ItemGroup>
    <ClInclude Include="System\SaveAndLoad.h">
      <Filter>1.System</Filter>
    </ClInclude>
    <ClInclude Include="System\Material.h">
      <Filter>1.System</Filter>
    </ClInclude>
    <ClInclude Include="System\GDSystem.h">
      <Filter>1.System</Filter>
    </ClInclude>
    <ClInclude Include="System\EnumType.h">
      <Filter>1.System</Filter>
    </ClInclude>
    <ClInclude Include="Game\Game.h">
      <Filter>3.Game</Filter>
    </ClInclude>
    <ClInclude Include="Struct\ReplayData.h">
      <Filter>2.Struct</Filter>
    </ClInclude>
    <ClInclude Include="Struct\LogData.h">
      <Filter>2.Struct</Filter>
    </ClInclude>
    <ClInclude Include="Struct\JobData.h">
      <Filter>2.Struct</Filter>
    </ClInclude>
    <ClInclude Include="Struct\QuestData.h">
      <Filter>2.Struct</Filter>
    </ClInclude>
    <ClInclude Include="Game\Unit.h">
      <Filter>3.Game</Filter>
    </ClInclude>
    <ClInclude Include="Game\Quest.h">
      <Filter>3.Game</Filter>
    </ClInclude>
    <ClInclude Include="Game\Enemy.h">
      <Filter>3.Game</Filter>
    </ClInclude>
    <ClInclude Include="Struct\EnemyData.h">
      <Filter>2.Struct</Filter>
    </ClInclude>
  </ItemGroup>
  <ItemGroup>
    <Text Include="Document\Todo.txt">
      <Filter>5.Document</Filter>
    </Text>
  </ItemGroup>
</Project>